
Microsoft Visual Studio Solution File, Format Version 12.00
# Visual Studio Version 17
VisualStudioVersion = 17.10.35122.118
MinimumVisualStudioVersion = 10.0.40219.1
Project("{9A19103F-16F7-4668-BE54-9A1E7A4F7556}") = "RealEstateListingApi", "RealEstateListingAPI\RealEstateListingApi.csproj", "{6427C148-0406-485C-BEE1-C51241494B55}"
EndProject
Project("{9A19103F-16F7-4668-BE54-9A1E7A4F7556}") = "RealEstateListingApi.Application", "RealEstateListingApi.Application\RealEstateListingApi.Application.csproj", "{1C2B4ED2-18CB-4D09-AD74-7663492BC53C}"
EndProject
Project("{9A19103F-16F7-4668-BE54-9A1E7A4F7556}") = "RealEstateListingApi.Infrastructure", "RealEstateListingApi.Infrastructure\RealEstateListingApi.Infrastructure.csproj", "{8C345B7A-6E76-469F-822F-4C26E08BE554}"
EndProject
Project("{9A19103F-16F7-4668-BE54-9A1E7A4F7556}") = "RealEstateListingApi.Domain", "RealEstateListingApi.Domain\RealEstateListingApi.Domain.csproj", "{03EBFE9A-E2C4-4BBF-88C7-36E0381F1911}"
EndProject
Project("{2150E333-8FDC-42A3-9474-1A3956D46DE8}") = "RealEstateListingApi Solution", "RealEstateListingApi Solution", "{AD738742-AC4A-479B-BCB1-8F5CA1721CFB}"
EndProject
Global
	GlobalSection(SolutionConfigurationPlatforms) = preSolution
		Debug|Any CPU = Debug|Any CPU
		Release|Any CPU = Release|Any CPU
	EndGlobalSection
	GlobalSection(ProjectConfigurationPlatforms) = postSolution
		{6427C148-0406-485C-BEE1-C51241494B55}.Debug|Any CPU.ActiveCfg = Debug|Any CPU
		{6427C148-0406-485C-BEE1-C51241494B55}.Debug|Any CPU.Build.0 = Debug|Any CPU
		{6427C148-0406-485C-BEE1-C51241494B55}.Release|Any CPU.ActiveCfg = Release|Any CPU
		{6427C148-0406-485C-BEE1-C51241494B55}.Release|Any CPU.Build.0 = Release|Any CPU
		{1C2B4ED2-18CB-4D09-AD74-7663492BC53C}.Debug|Any CPU.ActiveCfg = Debug|Any CPU
		{1C2B4ED2-18CB-4D09-AD74-7663492BC53C}.Debug|Any CPU.Build.0 = Debug|Any CPU
		{1C2B4ED2-18CB-4D09-AD74-7663492BC53C}.Release|Any CPU.ActiveCfg = Release|Any CPU
		{1C2B4ED2-18CB-4D09-AD74-7663492BC53C}.Release|Any CPU.Build.0 = Release|Any CPU
		{8C345B7A-6E76-469F-822F-4C26E08BE554}.Debug|Any CPU.ActiveCfg = Debug|Any CPU
		{8C345B7A-6E76-469F-822F-4C26E08BE554}.Debug|Any CPU.Build.0 = Debug|Any CPU
		{8C345B7A-6E76-469F-822F-4C26E08BE554}.Release|Any CPU.ActiveCfg = Release|Any CPU
		{8C345B7A-6E76-469F-822F-4C26E08BE554}.Release|Any CPU.Build.0 = Release|Any CPU
		{03EBFE9A-E2C4-4BBF-88C7-36E0381F1911}.Debug|Any CPU.ActiveCfg = Debug|Any CPU
		{03EBFE9A-E2C4-4BBF-88C7-36E0381F1911}.Debug|Any CPU.Build.0 = Debug|Any CPU
		{03EBFE9A-E2C4-4BBF-88C7-36E0381F1911}.Release|Any CPU.ActiveCfg = Release|Any CPU
		{03EBFE9A-E2C4-4BBF-88C7-36E0381F1911}.Release|Any CPU.Build.0 = Release|Any CPU
	EndGlobalSection
	GlobalSection(SolutionProperties) = preSolution
		HideSolutionNode = FALSE
	EndGlobalSection
	GlobalSection(NestedProjects) = preSolution
		{6427C148-0406-485C-BEE1-C51241494B55} = {AD738742-AC4A-479B-BCB1-8F5CA1721CFB}
		{1C2B4ED2-18CB-4D09-AD74-7663492BC53C} = {AD738742-AC4A-479B-BCB1-8F5CA1721CFB}
		{8C345B7A-6E76-469F-822F-4C26E08BE554} = {AD738742-AC4A-479B-BCB1-8F5CA1721CFB}
		{03EBFE9A-E2C4-4BBF-88C7-36E0381F1911} = {AD738742-AC4A-479B-BCB1-8F5CA1721CFB}
	EndGlobalSection
	GlobalSection(ExtensibilityGlobals) = postSolution
		SolutionGuid = {763283A5-CDF6-4449-916F-689A0728F97D}
	EndGlobalSection
EndGlobal
